// !$*UTF8*$!
{
	archiveVersion = 1;
	classes = {
	};
	objectVersion = 56;
	objects = {

/* Begin PBXBuildFile section */
		0D66D7392B5A7E82003F50B4 /* weekly_planner_IOS_AryaEisaApp.swift in Sources */ = {isa = PBXBuildFile; fileRef = 0D66D7382B5A7E82003F50B4 /* weekly_planner_IOS_AryaEisaApp.swift */; };
		0D66D73B2B5A7E82003F50B4 /* ContentView.swift in Sources */ = {isa = PBXBuildFile; fileRef = 0D66D73A2B5A7E82003F50B4 /* ContentView.swift */; };
		0D66D73D2B5A7E83003F50B4 /* Assets.xcassets in Resources */ = {isa = PBXBuildFile; fileRef = 0D66D73C2B5A7E83003F50B4 /* Assets.xcassets */; };
		0D66D7402B5A7E83003F50B4 /* Preview Assets.xcassets in Resources */ = {isa = PBXBuildFile; fileRef = 0D66D73F2B5A7E83003F50B4 /* Preview Assets.xcassets */; };
		0D66D74A2B5A7E83003F50B4 /* weekly_planner_IOS_AryaEisaTests.swift in Sources */ = {isa = PBXBuildFile; fileRef = 0D66D7492B5A7E83003F50B4 /* weekly_planner_IOS_AryaEisaTests.swift */; };
		0D66D7542B5A7E83003F50B4 /* weekly_planner_IOS_AryaEisaUITests.swift in Sources */ = {isa = PBXBuildFile; fileRef = 0D66D7532B5A7E83003F50B4 /* weekly_planner_IOS_AryaEisaUITests.swift */; };
		0D66D7562B5A7E83003F50B4 /* weekly_planner_IOS_AryaEisaUITestsLaunchTests.swift in Sources */ = {isa = PBXBuildFile; fileRef = 0D66D7552B5A7E83003F50B4 /* weekly_planner_IOS_AryaEisaUITestsLaunchTests.swift */; };
		0D66D7692B5A7EE5003F50B4 /* StartPage.swift in Sources */ = {isa = PBXBuildFile; fileRef = 0D66D7682B5A7EE5003F50B4 /* StartPage.swift */; };
		0D66D76B2B5A7F2D003F50B4 /* SetTitle.swift in Sources */ = {isa = PBXBuildFile; fileRef = 0D66D76A2B5A7F2D003F50B4 /* SetTitle.swift */; };
		0D66D76D2B5A7F52003F50B4 /* TodoList.swift in Sources */ = {isa = PBXBuildFile; fileRef = 0D66D76C2B5A7F52003F50B4 /* TodoList.swift */; };
		0D66D76F2B5A7F85003F50B4 /* background.jpg in Resources */ = {isa = PBXBuildFile; fileRef = 0D66D76E2B5A7F85003F50B4 /* background.jpg */; };
		0D66D7712B5A7F8B003F50B4 /* startpage.jpeg in Resources */ = {isa = PBXBuildFile; fileRef = 0D66D7702B5A7F8B003F50B4 /* startpage.jpeg */; };
/* End PBXBuildFile section */

/* Begin PBXContainerItemProxy section */
		0D66D7462B5A7E83003F50B4 /* PBXContainerItemProxy */ = {
			isa = PBXContainerItemProxy;
			containerPortal = 0D66D72D2B5A7E82003F50B4 /* Project object */;
			proxyType = 1;
			remoteGlobalIDString = 0D66D7342B5A7E82003F50B4;
			remoteInfo = weekly_planner_IOS_AryaEisa;
		};
		0D66D7502B5A7E83003F50B4 /* PBXContainerItemProxy */ = {
			isa = PBXContainerItemProxy;
			containerPortal = 0D66D72D2B5A7E82003F50B4 /* Project object */;
			proxyType = 1;
			remoteGlobalIDString = 0D66D7342B5A7E82003F50B4;
			remoteInfo = weekly_planner_IOS_AryaEisa;
		};
/* End PBXContainerItemProxy section */

/* Begin PBXFileReference section */
		0D66D7352B5A7E82003F50B4 /* weekly_planner_IOS_AryaEisa.app */ = {isa = PBXFileReference; explicitFileType = wrapper.application; includeInIndex = 0; path = weekly_planner_IOS_AryaEisa.app; sourceTree = BUILT_PRODUCTS_DIR; };
		0D66D7382B5A7E82003F50B4 /* weekly_planner_IOS_AryaEisaApp.swift */ = {isa = PBXFileReference; lastKnownFileType = sourcecode.swift; path = weekly_planner_IOS_AryaEisaApp.swift; sourceTree = "<group>"; };
		0D66D73A2B5A7E82003F50B4 /* ContentView.swift */ = {isa = PBXFileReference; lastKnownFileType = sourcecode.swift; path = ContentView.swift; sourceTree = "<group>"; };
		0D66D73C2B5A7E83003F50B4 /* Assets.xcassets */ = {isa = PBXFileReference; lastKnownFileType = folder.assetcatalog; path = Assets.xcassets; sourceTree = "<group>"; };
		0D66D73F2B5A7E83003F50B4 /* Preview Assets.xcassets */ = {isa = PBXFileReference; lastKnownFileType = folder.assetcatalog; path = "Preview Assets.xcassets"; sourceTree = "<group>"; };
		0D66D7452B5A7E83003F50B4 /* weekly_planner_IOS_AryaEisaTests.xctest */ = {isa = PBXFileReference; explicitFileType = wrapper.cfbundle; includeInIndex = 0; path = weekly_planner_IOS_AryaEisaTests.xctest; sourceTree = BUILT_PRODUCTS_DIR; };
		0D66D7492B5A7E83003F50B4 /* weekly_planner_IOS_AryaEisaTests.swift */ = {isa = PBXFileReference; lastKnownFileType = sourcecode.swift; path = weekly_planner_IOS_AryaEisaTests.swift; sourceTree = "<group>"; };
		0D66D74F2B5A7E83003F50B4 /* weekly_planner_IOS_AryaEisaUITests.xctest */ = {isa = PBXFileReference; explicitFileType = wrapper.cfbundle; includeInIndex = 0; path = weekly_planner_IOS_AryaEisaUITests.xctest; sourceTree = BUILT_PRODUCTS_DIR; };
		0D66D7532B5A7E83003F50B4 /* weekly_planner_IOS_AryaEisaUITests.swift */ = {isa = PBXFileReference; lastKnownFileType = sourcecode.swift; path = weekly_planner_IOS_AryaEisaUITests.swift; sourceTree = "<group>"; };
		0D66D7552B5A7E83003F50B4 /* weekly_planner_IOS_AryaEisaUITestsLaunchTests.swift */ = {isa = PBXFileReference; lastKnownFileType = sourcecode.swift; path = weekly_planner_IOS_AryaEisaUITestsLaunchTests.swift; sourceTree = "<group>"; };
		0D66D7682B5A7EE5003F50B4 /* StartPage.swift */ = {isa = PBXFileReference; lastKnownFileType = sourcecode.swift; path = StartPage.swift; sourceTree = "<group>"; };
		0D66D76A2B5A7F2D003F50B4 /* SetTitle.swift */ = {isa = PBXFileReference; lastKnownFileType = sourcecode.swift; path = SetTitle.swift; sourceTree = "<group>"; };
		0D66D76C2B5A7F52003F50B4 /* TodoList.swift */ = {isa = PBXFileReference; lastKnownFileType = sourcecode.swift; path = TodoList.swift; sourceTree = "<group>"; };
		0D66D76E2B5A7F85003F50B4 /* background.jpg */ = {isa = PBXFileReference; lastKnownFileType = image.jpeg; path = background.jpg; sourceTree = "<group>"; };
		0D66D7702B5A7F8B003F50B4 /* startpage.jpeg */ = {isa = PBXFileReference; lastKnownFileType = image.jpeg; path = startpage.jpeg; sourceTree = "<group>"; };
/* End PBXFileReference section */

/* Begin PBXFrameworksBuildPhase section */
		0D66D7322B5A7E82003F50B4 /* Frameworks */ = {
			isa = PBXFrameworksBuildPhase;
			buildActionMask = 2147483647;
			files = (
			);
			runOnlyForDeploymentPostprocessing = 0;
		};
		0D66D7422B5A7E83003F50B4 /* Frameworks */ = {
			isa = PBXFrameworksBuildPhase;
			buildActionMask = 2147483647;
			files = (
			);
			runOnlyForDeploymentPostprocessing = 0;
		};
		0D66D74C2B5A7E83003F50B4 /* Frameworks */ = {
			isa = PBXFrameworksBuildPhase;
			buildActionMask = 2147483647;
			files = (
			);
			runOnlyForDeploymentPostprocessing = 0;
		};
/* End PBXFrameworksBuildPhase section */

/* Begin PBXGroup section */
		0D66D72C2B5A7E82003F50B4 = {
			isa = PBXGroup;
			children = (
				0D66D7372B5A7E82003F50B4 /* weekly_planner_IOS_AryaEisa */,
				0D66D7482B5A7E83003F50B4 /* weekly_planner_IOS_AryaEisaTests */,
				0D66D7522B5A7E83003F50B4 /* weekly_planner_IOS_AryaEisaUITests */,
				0D66D7362B5A7E82003F50B4 /* Products */,
			);
			sourceTree = "<group>";
		};
		0D66D7362B5A7E82003F50B4 /* Products */ = {
			isa = PBXGroup;
			children = (
				0D66D7352B5A7E82003F50B4 /* weekly_planner_IOS_AryaEisa.app */,
				0D66D7452B5A7E83003F50B4 /* weekly_planner_IOS_AryaEisaTests.xctest */,
				0D66D74F2B5A7E83003F50B4 /* weekly_planner_IOS_AryaEisaUITests.xctest */,
			);
			name = Products;
			sourceTree = "<group>";
		};
		0D66D7372B5A7E82003F50B4 /* weekly_planner_IOS_AryaEisa */ = {
			isa = PBXGroup;
			children = (
				0D66D7702B5A7F8B003F50B4 /* startpage.jpeg */,
				0D66D76E2B5A7F85003F50B4 /* background.jpg */,
				0D66D7382B5A7E82003F50B4 /* weekly_planner_IOS_AryaEisaApp.swift */,
				0D66D73A2B5A7E82003F50B4 /* ContentView.swift */,
				0D66D7682B5A7EE5003F50B4 /* StartPage.swift */,
				0D66D76A2B5A7F2D003F50B4 /* SetTitle.swift */,
				0D66D76C2B5A7F52003F50B4 /* TodoList.swift */,
				0D66D73C2B5A7E83003F50B4 /* Assets.xcassets */,
				0D66D73E2B5A7E83003F50B4 /* Preview Content */,
			);
			path = weekly_planner_IOS_AryaEisa;
			sourceTree = "<group>";
		};
		0D66D73E2B5A7E83003F50B4 /* Preview Content */ = {
			isa = PBXGroup;
			children = (
				0D66D73F2B5A7E83003F50B4 /* Preview Assets.xcassets */,
			);
			path = "Preview Content";
			sourceTree = "<group>";
		};
		0D66D7482B5A7E83003F50B4 /* weekly_planner_IOS_AryaEisaTests */ = {
			isa = PBXGroup;
			children = (
				0D66D7492B5A7E83003F50B4 /* weekly_planner_IOS_AryaEisaTests.swift */,
			);
			path = weekly_planner_IOS_AryaEisaTests;
			sourceTree = "<group>";
		};
		0D66D7522B5A7E83003F50B4 /* weekly_planner_IOS_AryaEisaUITests */ = {
			isa = PBXGroup;
			children = (
				0D66D7532B5A7E83003F50B4 /* weekly_planner_IOS_AryaEisaUITests.swift */,
				0D66D7552B5A7E83003F50B4 /* weekly_planner_IOS_AryaEisaUITestsLaunchTests.swift */,
			);
			path = weekly_planner_IOS_AryaEisaUITests;
			sourceTree = "<group>";
		};
/* End PBXGroup section */

/* Begin PBXNativeTarget section */
		0D66D7342B5A7E82003F50B4 /* weekly_planner_IOS_AryaEisa */ = {
			isa = PBXNativeTarget;
			buildConfigurationList = 0D66D7592B5A7E83003F50B4 /* Build configuration list for PBXNativeTarget "weekly_planner_IOS_AryaEisa" */;
			buildPhases = (
				0D66D7312B5A7E82003F50B4 /* Sources */,
				0D66D7322B5A7E82003F50B4 /* Frameworks */,
				0D66D7332B5A7E82003F50B4 /* Resources */,
			);
			buildRules = (
			);
			dependencies = (
			);
			name = weekly_planner_IOS_AryaEisa;
			productName = weekly_planner_IOS_AryaEisa;
			productReference = 0D66D7352B5A7E82003F50B4 /* weekly_planner_IOS_AryaEisa.app */;
			productType = "com.apple.product-type.application";
		};
		0D66D7442B5A7E83003F50B4 /* weekly_planner_IOS_AryaEisaTests */ = {
			isa = PBXNativeTarget;
			buildConfigurationList = 0D66D75C2B5A7E83003F50B4 /* Build configuration list for PBXNativeTarget "weekly_planner_IOS_AryaEisaTests" */;
			buildPhases = (
				0D66D7412B5A7E83003F50B4 /* Sources */,
				0D66D7422B5A7E83003F50B4 /* Frameworks */,
				0D66D7432B5A7E83003F50B4 /* Resources */,
			);
			buildRules = (
			);
			dependencies = (
				0D66D7472B5A7E83003F50B4 /* PBXTargetDependency */,
			);
			name = weekly_planner_IOS_AryaEisaTests;
			productName = weekly_planner_IOS_AryaEisaTests;
			productReference = 0D66D7452B5A7E83003F50B4 /* weekly_planner_IOS_AryaEisaTests.xctest */;
			productType = "com.apple.product-type.bundle.unit-test";
		};
		0D66D74E2B5A7E83003F50B4 /* weekly_planner_IOS_AryaEisaUITests */ = {
			isa = PBXNativeTarget;
			buildConfigurationList = 0D66D75F2B5A7E83003F50B4 /* Build configuration list for PBXNativeTarget "weekly_planner_IOS_AryaEisaUITests" */;
			buildPhases = (
				0D66D74B2B5A7E83003F50B4 /* Sources */,
				0D66D74C2B5A7E83003F50B4 /* Frameworks */,
				0D66D74D2B5A7E83003F50B4 /* Resources */,
			);
			buildRules = (
			);
			dependencies = (
				0D66D7512B5A7E83003F50B4 /* PBXTargetDependency */,
			);
			name = weekly_planner_IOS_AryaEisaUITests;
			productName = weekly_planner_IOS_AryaEisaUITests;
			productReference = 0D66D74F2B5A7E83003F50B4 /* weekly_planner_IOS_AryaEisaUITests.xctest */;
			productType = "com.apple.product-type.bundle.ui-testing";
		};
/* End PBXNativeTarget section */

/* Begin PBXProject section */
		0D66D72D2B5A7E82003F50B4 /* Project object */ = {
			isa = PBXProject;
			attributes = {
				BuildIndependentTargetsInParallel = 1;
				LastSwiftUpdateCheck = 1520;
				LastUpgradeCheck = 1520;
				TargetAttributes = {
					0D66D7342B5A7E82003F50B4 = {
						CreatedOnToolsVersion = 15.2;
					};
					0D66D7442B5A7E83003F50B4 = {
						CreatedOnToolsVersion = 15.2;
						TestTargetID = 0D66D7342B5A7E82003F50B4;
					};
					0D66D74E2B5A7E83003F50B4 = {
						CreatedOnToolsVersion = 15.2;
						TestTargetID = 0D66D7342B5A7E82003F50B4;
					};
				};
			};
			buildConfigurationList = 0D66D7302B5A7E82003F50B4 /* Build configuration list for PBXProject "weekly_planner_IOS_AryaEisa" */;
			compatibilityVersion = "Xcode 14.0";
			developmentRegion = en;
			hasScannedForEncodings = 0;
			knownRegions = (
				en,
				Base,
			);
			mainGroup = 0D66D72C2B5A7E82003F50B4;
			productRefGroup = 0D66D7362B5A7E82003F50B4 /* Products */;
			projectDirPath = "";
			projectRoot = "";
			targets = (
				0D66D7342B5A7E82003F50B4 /* weekly_planner_IOS_AryaEisa */,
				0D66D7442B5A7E83003F50B4 /* weekly_planner_IOS_AryaEisaTests */,
				0D66D74E2B5A7E83003F50B4 /* weekly_planner_IOS_AryaEisaUITests */,
			);
		};
/* End PBXProject section */

/* Begin PBXResourcesBuildPhase section */
		0D66D7332B5A7E82003F50B4 /* Resources */ = {
			isa = PBXResourcesBuildPhase;
			buildActionMask = 2147483647;
			files = (
				0D66D76F2B5A7F85003F50B4 /* background.jpg in Resources */,
				0D66D7712B5A7F8B003F50B4 /* startpage.jpeg in Resources */,
				0D66D7402B5A7E83003F50B4 /* Preview Assets.xcassets in Resources */,
				0D66D73D2B5A7E83003F50B4 /* Assets.xcassets in Resources */,
			);
			runOnlyForDeploymentPostprocessing = 0;
		};
		0D66D7432B5A7E83003F50B4 /* Resources */ = {
			isa = PBXResourcesBuildPhase;
			buildActionMask = 2147483647;
			files = (
			);
			runOnlyForDeploymentPostprocessing = 0;
		};
		0D66D74D2B5A7E83003F50B4 /* Resources */ = {
			isa = PBXResourcesBuildPhase;
			buildActionMask = 2147483647;
			files = (
			);
			runOnlyForDeploymentPostprocessing = 0;
		};
/* End PBXResourcesBuildPhase section */

/* Begin PBXSourcesBuildPhase section */
		0D66D7312B5A7E82003F50B4 /* Sources */ = {
			isa = PBXSourcesBuildPhase;
			buildActionMask = 2147483647;
			files = (
				0D66D76D2B5A7F52003F50B4 /* TodoList.swift in Sources */,
				0D66D73B2B5A7E82003F50B4 /* ContentView.swift in Sources */,
				0D66D7692B5A7EE5003F50B4 /* StartPage.swift in Sources */,
				0D66D7392B5A7E82003F50B4 /* weekly_planner_IOS_AryaEisaApp.swift in Sources */,
				0D66D76B2B5A7F2D003F50B4 /* SetTitle.swift in Sources */,
			);
			runOnlyForDeploymentPostprocessing = 0;
		};
		0D66D7412B5A7E83003F50B4 /* Sources */ = {
			isa = PBXSourcesBuildPhase;
			buildActionMask = 2147483647;
			files = (
				0D66D74A2B5A7E83003F50B4 /* weekly_planner_IOS_AryaEisaTests.swift in Sources */,
			);
			runOnlyForDeploymentPostprocessing = 0;
		};
		0D66D74B2B5A7E83003F50B4 /* Sources */ = {
			isa = PBXSourcesBuildPhase;
			buildActionMask = 2147483647;
			files = (
				0D66D7542B5A7E83003F50B4 /* weekly_planner_IOS_AryaEisaUITests.swift in Sources */,
				0D66D7562B5A7E83003F50B4 /* weekly_planner_IOS_AryaEisaUITestsLaunchTests.swift in Sources */,
			);
			runOnlyForDeploymentPostprocessing = 0;
		};
/* End PBXSourcesBuildPhase section */

/* Begin PBXTargetDependency section */
		0D66D7472B5A7E83003F50B4 /* PBXTargetDependency */ = {
			isa = PBXTargetDependency;
			target = 0D66D7342B5A7E82003F50B4 /* weekly_planner_IOS_AryaEisa */;
			targetProxy = 0D66D7462B5A7E83003F50B4 /* PBXContainerItemProxy */;
		};
		0D66D7512B5A7E83003F50B4 /* PBXTargetDependency */ = {
			isa = PBXTargetDependency;
			target = 0D66D7342B5A7E82003F50B4 /* weekly_planner_IOS_AryaEisa */;
			targetProxy = 0D66D7502B5A7E83003F50B4 /* PBXContainerItemProxy */;
		};
/* End PBXTargetDependency section */

/* Begin XCBuildConfiguration section */
		0D66D7572B5A7E83003F50B4 /* Debug */ = {
			isa = XCBuildConfiguration;
			buildSettings = {
				ALWAYS_SEARCH_USER_PATHS = NO;
				ASSETCATALOG_COMPILER_GENERATE_SWIFT_ASSET_SYMBOL_EXTENSIONS = YES;
				CLANG_ANALYZER_NONNULL = YES;
				CLANG_ANALYZER_NUMBER_OBJECT_CONVERSION = YES_AGGRESSIVE;
				CLANG_CXX_LANGUAGE_STANDARD = "gnu++20";
				CLANG_ENABLE_MODULES = YES;
				CLANG_ENABLE_OBJC_ARC = YES;
				CLANG_ENABLE_OBJC_WEAK = YES;
				CLANG_WARN_BLOCK_CAPTURE_AUTORELEASING = YES;
				CLANG_WARN_BOOL_CONVERSION = YES;
				CLANG_WARN_COMMA = YES;
				CLANG_WARN_CONSTANT_CONVERSION = YES;
				CLANG_WARN_DEPRECATED_OBJC_IMPLEMENTATIONS = YES;
				CLANG_WARN_DIRECT_OBJC_ISA_USAGE = YES_ERROR;
				CLANG_WARN_DOCUMENTATION_COMMENTS = YES;
				CLANG_WARN_EMPTY_BODY = YES;
				CLANG_WARN_ENUM_CONVERSION = YES;
				CLANG_WARN_INFINITE_RECURSION = YES;
				CLANG_WARN_INT_CONVERSION = YES;
				CLANG_WARN_NON_LITERAL_NULL_CONVERSION = YES;
				CLANG_WARN_OBJC_IMPLICIT_RETAIN_SELF = YES;
				CLANG_WARN_OBJC_LITERAL_CONVERSION = YES;
				CLANG_WARN_OBJC_ROOT_CLASS = YES_ERROR;
				CLANG_WARN_QUOTED_INCLUDE_IN_FRAMEWORK_HEADER = YES;
				CLANG_WARN_RANGE_LOOP_ANALYSIS = YES;
				CLANG_WARN_STRICT_PROTOTYPES = YES;
				CLANG_WARN_SUSPICIOUS_MOVE = YES;
				CLANG_WARN_UNGUARDED_AVAILABILITY = YES_AGGRESSIVE;
				CLANG_WARN_UNREACHABLE_CODE = YES;
				CLANG_WARN__DUPLICATE_METHOD_MATCH = YES;
				COPY_PHASE_STRIP = NO;
				DEBUG_INFORMATION_FORMAT = dwarf;
				ENABLE_STRICT_OBJC_MSGSEND = YES;
				ENABLE_TESTABILITY = YES;
				ENABLE_USER_SCRIPT_SANDBOXING = YES;
				GCC_C_LANGUAGE_STANDARD = gnu17;
				GCC_DYNAMIC_NO_PIC = NO;
				GCC_NO_COMMON_BLOCKS = YES;
				GCC_OPTIMIZATION_LEVEL = 0;
				GCC_PREPROCESSOR_DEFINITIONS = (
					"DEBUG=1",
					"$(inherited)",
				);
				GCC_WARN_64_TO_32_BIT_CONVERSION = YES;
				GCC_WARN_ABOUT_RETURN_TYPE = YES_ERROR;
				GCC_WARN_UNDECLARED_SELECTOR = YES;
				GCC_WARN_UNINITIALIZED_AUTOS = YES_AGGRESSIVE;
				GCC_WARN_UNUSED_FUNCTION = YES;
				GCC_WARN_UNUSED_VARIABLE = YES;
				IPHONEOS_DEPLOYMENT_TARGET = 17.2;
				LOCALIZATION_PREFERS_STRING_CATALOGS = YES;
				MTL_ENABLE_DEBUG_INFO = INCLUDE_SOURCE;
				MTL_FAST_MATH = YES;
				ONLY_ACTIVE_ARCH = YES;
				SDKROOT = iphoneos;
				SWIFT_ACTIVE_COMPILATION_CONDITIONS = "DEBUG $(inherited)";
				SWIFT_OPTIMIZATION_LEVEL = "-Onone";
			};
			name = Debug;
		};
		0D66D7582B5A7E83003F50B4 /* Release */ = {
			isa = XCBuildConfiguration;
			buildSettings = {
				ALWAYS_SEARCH_USER_PATHS = NO;
				ASSETCATALOG_COMPILER_GENERATE_SWIFT_ASSET_SYMBOL_EXTENSIONS = YES;
				CLANG_ANALYZER_NONNULL = YES;
				CLANG_ANALYZER_NUMBER_OBJECT_CONVERSION = YES_AGGRESSIVE;
				CLANG_CXX_LANGUAGE_STANDARD = "gnu++20";
				CLANG_ENABLE_MODULES = YES;
				CLANG_ENABLE_OBJC_ARC = YES;
				CLANG_ENABLE_OBJC_WEAK = YES;
				CLANG_WARN_BLOCK_CAPTURE_AUTORELEASING = YES;
				CLANG_WARN_BOOL_CONVERSION = YES;
				CLANG_WARN_COMMA = YES;
				CLANG_WARN_CONSTANT_CONVERSION = YES;
				CLANG_WARN_DEPRECATED_OBJC_IMPLEMENTATIONS = YES;
				CLANG_WARN_DIRECT_OBJC_ISA_USAGE = YES_ERROR;
				CLANG_WARN_DOCUMENTATION_COMMENTS = YES;
				CLANG_WARN_EMPTY_BODY = YES;
				CLANG_WARN_ENUM_CONVERSION = YES;
				CLANG_WARN_INFINITE_RECURSION = YES;
				CLANG_WARN_INT_CONVERSION = YES;
				CLANG_WARN_NON_LITERAL_NULL_CONVERSION = YES;
				CLANG_WARN_OBJC_IMPLICIT_RETAIN_SELF = YES;
				CLANG_WARN_OBJC_LITERAL_CONVERSION = YES;
				CLANG_WARN_OBJC_ROOT_CLASS = YES_ERROR;
				CLANG_WARN_QUOTED_INCLUDE_IN_FRAMEWORK_HEADER = YES;
				CLANG_WARN_RANGE_LOOP_ANALYSIS = YES;
				CLANG_WARN_STRICT_PROTOTYPES = YES;
				CLANG_WARN_SUSPICIOUS_MOVE = YES;
				CLANG_WARN_UNGUARDED_AVAILABILITY = YES_AGGRESSIVE;
				CLANG_WARN_UNREACHABLE_CODE = YES;
				CLANG_WARN__DUPLICATE_METHOD_MATCH = YES;
				COPY_PHASE_STRIP = NO;
				DEBUG_INFORMATION_FORMAT = "dwarf-with-dsym";
				ENABLE_NS_ASSERTIONS = NO;
				ENABLE_STRICT_OBJC_MSGSEND = YES;
				ENABLE_USER_SCRIPT_SANDBOXING = YES;
				GCC_C_LANGUAGE_STANDARD = gnu17;
				GCC_NO_COMMON_BLOCKS = YES;
				GCC_WARN_64_TO_32_BIT_CONVERSION = YES;
				GCC_WARN_ABOUT_RETURN_TYPE = YES_ERROR;
				GCC_WARN_UNDECLARED_SELECTOR = YES;
				GCC_WARN_UNINITIALIZED_AUTOS = YES_AGGRESSIVE;
				GCC_WARN_UNUSED_FUNCTION = YES;
				GCC_WARN_UNUSED_VARIABLE = YES;
				IPHONEOS_DEPLOYMENT_TARGET = 17.2;
				LOCALIZATION_PREFERS_STRING_CATALOGS = YES;
				MTL_ENABLE_DEBUG_INFO = NO;
				MTL_FAST_MATH = YES;
				SDKROOT = iphoneos;
				SWIFT_COMPILATION_MODE = wholemodule;
				VALIDATE_PRODUCT = YES;
			};
			name = Release;
		};
		0D66D75A2B5A7E83003F50B4 /* Debug */ = {
			isa = XCBuildConfiguration;
			buildSettings = {
				ASSETCATALOG_COMPILER_APPICON_NAME = AppIcon;
				ASSETCATALOG_COMPILER_GLOBAL_ACCENT_COLOR_NAME = AccentColor;
				CODE_SIGN_STYLE = Automatic;
				CURRENT_PROJECT_VERSION = 1;
				DEVELOPMENT_ASSET_PATHS = "\"weekly_planner_IOS_AryaEisa/Preview Content\"";
				ENABLE_PREVIEWS = YES;
				GENERATE_INFOPLIST_FILE = YES;
				INFOPLIST_KEY_UIApplicationSceneManifest_Generation = YES;
				INFOPLIST_KEY_UIApplicationSupportsIndirectInputEvents = YES;
				INFOPLIST_KEY_UILaunchScreen_Generation = YES;
				INFOPLIST_KEY_UISupportedInterfaceOrientations_iPad = "UIInterfaceOrientationPortrait UIInterfaceOrientationPortraitUpsideDown UIInterfaceOrientationLandscapeLeft UIInterfaceOrientationLandscapeRight";
				INFOPLIST_KEY_UISupportedInterfaceOrientations_iPhone = "UIInterfaceOrientationPortrait UIInterfaceOrientationLandscapeLeft UIInterfaceOrientationLandscapeRight";
				LD_RUNPATH_SEARCH_PATHS = (
					"$(inherited)",
					"@executable_path/Frameworks",
				);
				MARKETING_VERSION = 1.0;
				PRODUCT_BUNDLE_IDENTIFIER = "todolist.weekly-planner-IOS-AryaEisa";
				PRODUCT_NAME = "$(TARGET_NAME)";
				SWIFT_EMIT_LOC_STRINGS = YES;
				SWIFT_VERSION = 5.0;
				TARGETED_DEVICE_FAMILY = "1,2";
			};
			name = Debug;
		};
		0D66D75B2B5A7E83003F50B4 /* Release */ = {
			isa = XCBuildConfiguration;
			buildSettings = {
				ASSETCATALOG_COMPILER_APPICON_NAME = AppIcon;
				ASSETCATALOG_COMPILER_GLOBAL_ACCENT_COLOR_NAME = AccentColor;
				CODE_SIGN_STYLE = Automatic;
				CURRENT_PROJECT_VERSION = 1;
				DEVELOPMENT_ASSET_PATHS = "\"weekly_planner_IOS_AryaEisa/Preview Content\"";
				ENABLE_PREVIEWS = YES;
				GENERATE_INFOPLIST_FILE = YES;
				INFOPLIST_KEY_UIApplicationSceneManifest_Generation = YES;
				INFOPLIST_KEY_UIApplicationSupportsIndirectInputEvents = YES;
				INFOPLIST_KEY_UILaunchScreen_Generation = YES;
				INFOPLIST_KEY_UISupportedInterfaceOrientations_iPad = "UIInterfaceOrientationPortrait UIInterfaceOrientationPortraitUpsideDown UIInterfaceOrientationLandscapeLeft UIInterfaceOrientationLandscapeRight";
				INFOPLIST_KEY_UISupportedInterfaceOrientations_iPhone = "UIInterfaceOrientationPortrait UIInterfaceOrientationLandscapeLeft UIInterfaceOrientationLandscapeRight";
				LD_RUNPATH_SEARCH_PATHS = (
					"$(inherited)",
					"@executable_path/Frameworks",
				);
				MARKETING_VERSION = 1.0;
				PRODUCT_BUNDLE_IDENTIFIER = "todolist.weekly-planner-IOS-AryaEisa";
				PRODUCT_NAME = "$(TARGET_NAME)";
				SWIFT_EMIT_LOC_STRINGS = YES;
				SWIFT_VERSION = 5.0;
				TARGETED_DEVICE_FAMILY = "1,2";
			};
			name = Release;
		};
		0D66D75D2B5A7E83003F50B4 /* Debug */ = {
			isa = XCBuildConfiguration;
			buildSettings = {
				ALWAYS_EMBED_SWIFT_STANDARD_LIBRARIES = YES;
				BUNDLE_LOADER = "$(TEST_HOST)";
				CODE_SIGN_STYLE = Automatic;
				CURRENT_PROJECT_VERSION = 1;
				GENERATE_INFOPLIST_FILE = YES;
				IPHONEOS_DEPLOYMENT_TARGET = 17.2;
				MARKETING_VERSION = 1.0;
				PRODUCT_BUNDLE_IDENTIFIER = "todolist.weekly-planner-IOS-AryaEisaTests";
				PRODUCT_NAME = "$(TARGET_NAME)";
				SWIFT_EMIT_LOC_STRINGS = NO;
				SWIFT_VERSION = 5.0;
				TARGETED_DEVICE_FAMILY = "1,2";
				TEST_HOST = "$(BUILT_PRODUCTS_DIR)/weekly_planner_IOS_AryaEisa.app/$(BUNDLE_EXECUTABLE_FOLDER_PATH)/weekly_planner_IOS_AryaEisa";
			};
			name = Debug;
		};
		0D66D75E2B5A7E83003F50B4 /* Release */ = {
			isa = XCBuildConfiguration;
			buildSettings = {
				ALWAYS_EMBED_SWIFT_STANDARD_LIBRARIES = YES;
				BUNDLE_LOADER = "$(TEST_HOST)";
				CODE_SIGN_STYLE = Automatic;
				CURRENT_PROJECT_VERSION = 1;
				GENERATE_INFOPLIST_FILE = YES;
				IPHONEOS_DEPLOYMENT_TARGET = 17.2;
				MARKETING_VERSION = 1.0;
				PRODUCT_BUNDLE_IDENTIFIER = "todolist.weekly-planner-IOS-AryaEisaTests";
				PRODUCT_NAME = "$(TARGET_NAME)";
				SWIFT_EMIT_LOC_STRINGS = NO;
				SWIFT_VERSION = 5.0;
				TARGETED_DEVICE_FAMILY = "1,2";
				TEST_HOST = "$(BUILT_PRODUCTS_DIR)/weekly_planner_IOS_AryaEisa.app/$(BUNDLE_EXECUTABLE_FOLDER_PATH)/weekly_planner_IOS_AryaEisa";
			};
			name = Release;
		};
		0D66D7602B5A7E83003F50B4 /* Debug */ = {
			isa = XCBuildConfiguration;
			buildSettings = {
				ALWAYS_EMBED_SWIFT_STANDARD_LIBRARIES = YES;
				CODE_SIGN_STYLE = Automatic;
				CURRENT_PROJECT_VERSION = 1;
				GENERATE_INFOPLIST_FILE = YES;
				MARKETING_VERSION = 1.0;
				PRODUCT_BUNDLE_IDENTIFIER = "todolist.weekly-planner-IOS-AryaEisaUITests";
				PRODUCT_NAME = "$(TARGET_NAME)";
				SWIFT_EMIT_LOC_STRINGS = NO;
				SWIFT_VERSION = 5.0;
				TARGETED_DEVICE_FAMILY = "1,2";
				TEST_TARGET_NAME = weekly_planner_IOS_AryaEisa;
			};
			name = Debug;
		};
		0D66D7612B5A7E83003F50B4 /* Release */ = {
			isa = XCBuildConfiguration;
			buildSettings = {
				ALWAYS_EMBED_SWIFT_STANDARD_LIBRARIES = YES;
				CODE_SIGN_STYLE = Automatic;
				CURRENT_PROJECT_VERSION = 1;
				GENERATE_INFOPLIST_FILE = YES;
				MARKETING_VERSION = 1.0;
				PRODUCT_BUNDLE_IDENTIFIER = "todolist.weekly-planner-IOS-AryaEisaUITests";
				PRODUCT_NAME = "$(TARGET_NAME)";
				SWIFT_EMIT_LOC_STRINGS = NO;
				SWIFT_VERSION = 5.0;
				TARGETED_DEVICE_FAMILY = "1,2";
				TEST_TARGET_NAME = weekly_planner_IOS_AryaEisa;
			};
			name = Release;
		};
/* End XCBuildConfiguration section */

/* Begin XCConfigurationList section */
		0D66D7302B5A7E82003F50B4 /* Build configuration list for PBXProject "weekly_planner_IOS_AryaEisa" */ = {
			isa = XCConfigurationList;
			buildConfigurations = (
				0D66D7572B5A7E83003F50B4 /* Debug */,
				0D66D7582B5A7E83003F50B4 /* Release */,
			);
			defaultConfigurationIsVisible = 0;
			defaultConfigurationName = Release;
		};
		0D66D7592B5A7E83003F50B4 /* Build configuration list for PBXNativeTarget "weekly_planner_IOS_AryaEisa" */ = {
			isa = XCConfigurationList;
			buildConfigurations = (
				0D66D75A2B5A7E83003F50B4 /* Debug */,
				0D66D75B2B5A7E83003F50B4 /* Release */,
			);
			defaultConfigurationIsVisible = 0;
			defaultConfigurationName = Release;
		};
		0D66D75C2B5A7E83003F50B4 /* Build configuration list for PBXNativeTarget "weekly_planner_IOS_AryaEisaTests" */ = {
			isa = XCConfigurationList;
			buildConfigurations = (
				0D66D75D2B5A7E83003F50B4 /* Debug */,
				0D66D75E2B5A7E83003F50B4 /* Release */,
			);
			defaultConfigurationIsVisible = 0;
			defaultConfigurationName = Release;
		};
		0D66D75F2B5A7E83003F50B4 /* Build configuration list for PBXNativeTarget "weekly_planner_IOS_AryaEisaUITests" */ = {
			isa = XCConfigurationList;
			buildConfigurations = (
				0D66D7602B5A7E83003F50B4 /* Debug */,
				0D66D7612B5A7E83003F50B4 /* Release */,
			);
			defaultConfigurationIsVisible = 0;
			defaultConfigurationName = Release;
		};
/* End XCConfigurationList section */
	};
	rootObject = 0D66D72D2B5A7E82003F50B4 /* Project object */;
}
